Microsoft Visual Studio Solution File, Format Version 12.00
# Visual Studio Version 17
VisualStudioVersion = 17.8.0.0
MinimumVisualStudioVersion = 17.8.0.0
Project("{9A19103F-16F7-4668-BE54-9A1E7A4F7556}") = "DialledIn.Portal.AppHost", "DialledIn.Portal.AppHost\DialledIn.Portal.AppHost.csproj", "{DE9B4F47-3310-427B-8BF8-AC6313FBBECC}"
EndProject
Project("{9A19103F-16F7-4668-BE54-9A1E7A4F7556}") = "DialledIn.Portal.ServiceDefaults", "DialledIn.Portal.ServiceDefaults\DialledIn.Portal.ServiceDefaults.csproj", "{69D81F0F-6119-4A97-833C-86761ACCD0D3}"
EndProject
Project("{9A19103F-16F7-4668-BE54-9A1E7A4F7556}") = "DialledIn.Portal.ApiService", "DialledIn.Portal.ApiService\DialledIn.Portal.ApiService.csproj", "{BD555592-5D22-4DC2-99C8-09DD03B0266F}"
EndProject
Project("{9A19103F-16F7-4668-BE54-9A1E7A4F7556}") = "DialledIn.Portal.Web", "DialledIn.Portal.Web\DialledIn.Portal.Web.csproj", "{13C181F7-02BC-4927-9CB7-D78AB46E9306}"
EndProject
Global
	GlobalSection(SolutionConfigurationPlatforms) = preSolution
		Debug|Any CPU = Debug|Any CPU
		Release|Any CPU = Release|Any CPU
	EndGlobalSection
	GlobalSection(ProjectConfigurationPlatforms) = postSolution
		{DE9B4F47-3310-427B-8BF8-AC6313FBBECC}.Debug|Any CPU.ActiveCfg = Debug|Any CPU
		{DE9B4F47-3310-427B-8BF8-AC6313FBBECC}.Debug|Any CPU.Build.0 = Debug|Any CPU
		{DE9B4F47-3310-427B-8BF8-AC6313FBBECC}.Release|Any CPU.ActiveCfg = Release|Any CPU
		{DE9B4F47-3310-427B-8BF8-AC6313FBBECC}.Release|Any CPU.Build.0 = Release|Any CPU
		{69D81F0F-6119-4A97-833C-86761ACCD0D3}.Debug|Any CPU.ActiveCfg = Debug|Any CPU
		{69D81F0F-6119-4A97-833C-86761ACCD0D3}.Debug|Any CPU.Build.0 = Debug|Any CPU
		{69D81F0F-6119-4A97-833C-86761ACCD0D3}.Release|Any CPU.ActiveCfg = Release|Any CPU
		{69D81F0F-6119-4A97-833C-86761ACCD0D3}.Release|Any CPU.Build.0 = Release|Any CPU
		{BD555592-5D22-4DC2-99C8-09DD03B0266F}.Debug|Any CPU.ActiveCfg = Debug|Any CPU
		{BD555592-5D22-4DC2-99C8-09DD03B0266F}.Debug|Any CPU.Build.0 = Debug|Any CPU
		{BD555592-5D22-4DC2-99C8-09DD03B0266F}.Release|Any CPU.ActiveCfg = Release|Any CPU
		{BD555592-5D22-4DC2-99C8-09DD03B0266F}.Release|Any CPU.Build.0 = Release|Any CPU
		{13C181F7-02BC-4927-9CB7-D78AB46E9306}.Debug|Any CPU.ActiveCfg = Debug|Any CPU
		{13C181F7-02BC-4927-9CB7-D78AB46E9306}.Debug|Any CPU.Build.0 = Debug|Any CPU
		{13C181F7-02BC-4927-9CB7-D78AB46E9306}.Release|Any CPU.ActiveCfg = Release|Any CPU
		{13C181F7-02BC-4927-9CB7-D78AB46E9306}.Release|Any CPU.Build.0 = Release|Any CPU
	EndGlobalSection
	GlobalSection(SolutionProperties) = preSolution
		HideSolutionNode = FALSE
	EndGlobalSection
	GlobalSection(ExtensibilityGlobals) = postSolution
		SolutionGuid = {9A4585BE-3C9F-4802-A619-B41BBAD84EF2}
	EndGlobalSection
EndGlobal
